
Microsoft Visual Studio Solution File, Format Version 12.00
# Visual Studio Version 16
VisualStudioVersion = 16.0.30907.101
MinimumVisualStudioVersion = 10.0.40219.1
Project("{FAE04EC0-301F-11D3-BF4B-00C04F79EFBC}") = "MyStore", "MyStore\MyStore.csproj", "{CBF7754B-0CAA-4871-877A-8A98DEC1684F}"
EndProject
Global
	GlobalSection(SolutionConfigurationPlatforms) = preSolution
		Debug|Any CPU = Debug|Any CPU
		Release|Any CPU = Release|Any CPU
	EndGlobalSection
	GlobalSection(ProjectConfigurationPlatforms) = postSolution
		{CBF7754B-0CAA-4871-877A-8A98DEC1684F}.Debug|Any CPU.ActiveCfg = Debug|Any CPU
		{CBF7754B-0CAA-4871-877A-8A98DEC1684F}.Debug|Any CPU.Build.0 = Debug|Any CPU
		{CBF7754B-0CAA-4871-877A-8A98DEC1684F}.Release|Any CPU.ActiveCfg = Release|Any CPU
		{CBF7754B-0CAA-4871-877A-8A98DEC1684F}.Release|Any CPU.Build.0 = Release|Any CPU
	EndGlobalSection
	GlobalSection(SolutionProperties) = preSolution
		HideSolutionNode = FALSE
	EndGlobalSection
	GlobalSection(ExtensibilityGlobals) = postSolution
		SolutionGuid = {959D9CDD-C6D2-497D-B2F3-D0B29CDE4376}
	EndGlobalSection
EndGlobal
